{
  "version": 4,
  "terraform_version": "1.3.1",
  "serial": 293,
  "lineage": "1b117309-0553-3dfc-acdf-f66498457ccf",
  "outputs": {
    "floating_ip_address": {
      "value": "147.156.85.5",
      "type": "string"
    },
    "network_id": {
      "value": "8ced0db5-8152-4242-916d-869f936c6c4c",
      "type": "string"
    },
    "secgroup_id": {
      "value": "ad2bf77b-f098-485b-9980-b8e80075fd59",
      "type": "string"
    },
    "server0_instance_id": {
      "value": "8c133f66-8b97-4620-a940-62c60a85fa45",
      "type": "string"
    },
    "server1_instance_id": {
      "value": "f7c47062-fc72-42ba-9cd0-e9662567c00f",
      "type": "string"
    },
    "server2_instance_id": {
      "value": "bbf3ca94-a702-4a11-8fcf-37271367cfcd",
      "type": "string"
    },
    "subnet_id": {
      "value": "bd740428-4b88-4cf8-b116-fb386707dfa9",
      "type": "string"
    }
  },
  "resources": [
    {
      "module": "module.floating_ip",
      "mode": "managed",
      "type": "openstack_networking_floatingip_v2",
      "name": "fip",
      "provider": "provider[\"registry.terraform.io/terraform-provider-openstack/openstack\"]",
      "instances": [
        {
          "schema_version": 0,
          "attributes": {
            "address": "147.156.85.5",
            "all_tags": [],
            "description": "",
            "dns_domain": "",
            "dns_name": "",
            "fixed_ip": "",
            "id": "38b4c572-22b4-47ee-b080-cf4aaa0f0fd5",
            "pool": "external-network",
            "port_id": "",
            "region": "RegionOne",
            "subnet_id": null,
            "subnet_ids": null,
            "tags": null,
            "tenant_id": "42f8439edf3241648bafa5e2b4630e14",
            "timeouts": null,
            "value_specs": null
          },
          "sensitive_attributes": [],
          "private": "eyJlMmJmYjczMC1lY2FhLTExZTYtOGY4OC0zNDM2M2JjN2M0YzAiOnsiY3JlYXRlIjo2MDAwMDAwMDAwMDAsImRlbGV0ZSI6NjAwMDAwMDAwMDAwfX0="
        }
      ]
    },
    {
      "module": "module.networking",
      "mode": "data",
      "type": "openstack_networking_network_v2",
      "name": "external_network",
      "provider": "provider[\"registry.terraform.io/terraform-provider-openstack/openstack\"]",
      "instances": [
        {
          "schema_version": 0,
          "attributes": {
            "admin_state_up": "true",
            "all_tags": [],
            "availability_zone_hints": [],
            "description": "",
            "dns_domain": "",
            "external": true,
            "id": "7b7060d1-173d-483d-87e4-9173a19985f0",
            "matching_subnet_cidr": null,
            "mtu": 1500,
            "name": "external-network",
            "network_id": null,
            "region": "RegionOne",
            "shared": "false",
            "status": null,
            "subnets": [
              "bda6fe0b-b1c9-42ca-9821-c55af83e2374"
            ],
            "tags": null,
            "tenant_id": "7acfc0656ffc45e693fe73655a810368",
            "transparent_vlan": false
          },
          "sensitive_attributes": []
        }
      ]
    },
    {
      "module": "module.networking",
      "mode": "managed",
      "type": "openstack_networking_network_v2",
      "name": "network",
      "provider": "provider[\"registry.terraform.io/terraform-provider-openstack/openstack\"]",
      "instances": [
        {
          "schema_version": 0,
          "attributes": {
            "admin_state_up": true,
            "all_tags": [],
            "availability_zone_hints": [],
            "description": "",
            "dns_domain": "",
            "external": false,
            "id": "8ced0db5-8152-4242-916d-869f936c6c4c",
            "mtu": 1450,
            "name": "proyecto11-network",
            "port_security_enabled": true,
            "qos_policy_id": "",
            "region": "RegionOne",
            "segments": [],
            "shared": false,
            "tags": null,
            "tenant_id": "42f8439edf3241648bafa5e2b4630e14",
            "timeouts": null,
            "transparent_vlan": false,
            "value_specs": null
          },
          "sensitive_attributes": [],
          "private": "eyJlMmJmYjczMC1lY2FhLTExZTYtOGY4OC0zNDM2M2JjN2M0YzAiOnsiY3JlYXRlIjo2MDAwMDAwMDAwMDAsImRlbGV0ZSI6NjAwMDAwMDAwMDAwfX0="
        }
      ]
    },
    {
      "module": "module.networking",
      "mode": "managed",
      "type": "openstack_networking_router_interface_v2",
      "name": "router_interface",
      "provider": "provider[\"registry.terraform.io/terraform-provider-openstack/openstack\"]",
      "instances": [
        {
          "schema_version": 0,
          "attributes": {
            "id": "c2e94d93-e1bf-4695-8b8e-27bbc8df70ad",
            "port_id": "c2e94d93-e1bf-4695-8b8e-27bbc8df70ad",
            "region": "RegionOne",
            "router_id": "b7ec9fba-914f-4d48-8e20-1447aab4c809",
            "subnet_id": "bd740428-4b88-4cf8-b116-fb386707dfa9",
            "timeouts": null
          },
          "sensitive_attributes": [],
          "private": "eyJlMmJmYjczMC1lY2FhLTExZTYtOGY4OC0zNDM2M2JjN2M0YzAiOnsiY3JlYXRlIjo2MDAwMDAwMDAwMDAsImRlbGV0ZSI6NjAwMDAwMDAwMDAwfX0=",
          "dependencies": [
            "module.networking.data.openstack_networking_network_v2.external_network",
            "module.networking.openstack_networking_network_v2.network",
            "module.networking.openstack_networking_router_v2.router",
            "module.networking.openstack_networking_subnet_v2.subnetwork"
          ]
        }
      ]
    },
    {
      "module": "module.networking",
      "mode": "managed",
      "type": "openstack_networking_router_v2",
      "name": "router",
      "provider": "provider[\"registry.terraform.io/terraform-provider-openstack/openstack\"]",
      "instances": [
        {
          "schema_version": 0,
          "attributes": {
            "admin_state_up": true,
            "all_tags": [],
            "availability_zone_hints": [],
            "description": "",
            "distributed": false,
            "enable_snat": true,
            "external_fixed_ip": [
              {
                "ip_address": "147.156.85.16",
                "subnet_id": "bda6fe0b-b1c9-42ca-9821-c55af83e2374"
              }
            ],
            "external_gateway": "7b7060d1-173d-483d-87e4-9173a19985f0",
            "external_network_id": "7b7060d1-173d-483d-87e4-9173a19985f0",
            "external_subnet_ids": null,
            "id": "b7ec9fba-914f-4d48-8e20-1447aab4c809",
            "name": "proyecto11-router",
            "region": "RegionOne",
            "tags": null,
            "tenant_id": "42f8439edf3241648bafa5e2b4630e14",
            "timeouts": null,
            "value_specs": null,
            "vendor_options": []
          },
          "sensitive_attributes": [],
          "private": "eyJlMmJmYjczMC1lY2FhLTExZTYtOGY4OC0zNDM2M2JjN2M0YzAiOnsiY3JlYXRlIjo2MDAwMDAwMDAwMDAsImRlbGV0ZSI6NjAwMDAwMDAwMDAwfX0=",
          "dependencies": [
            "module.networking.data.openstack_networking_network_v2.external_network"
          ]
        }
      ]
    },
    {
      "module": "module.networking",
      "mode": "managed",
      "type": "openstack_networking_subnet_v2",
      "name": "subnetwork",
      "provider": "provider[\"registry.terraform.io/terraform-provider-openstack/openstack\"]",
      "instances": [
        {
          "schema_version": 0,
          "attributes": {
            "all_tags": [],
            "allocation_pool": [
              {
                "end": "10.0.0.254",
                "start": "10.0.0.2"
              }
            ],
            "allocation_pools": [
              {
                "end": "10.0.0.254",
                "start": "10.0.0.2"
              }
            ],
            "cidr": "10.0.0.0/24",
            "description": "",
            "dns_nameservers": [
              "8.8.8.8"
            ],
            "enable_dhcp": true,
            "gateway_ip": "10.0.0.1",
            "host_routes": [],
            "id": "bd740428-4b88-4cf8-b116-fb386707dfa9",
            "ip_version": 4,
            "ipv6_address_mode": "",
            "ipv6_ra_mode": "",
            "name": "proyecto11-subnetwork",
            "network_id": "8ced0db5-8152-4242-916d-869f936c6c4c",
            "no_gateway": false,
            "prefix_length": null,
            "region": "RegionOne",
            "subnetpool_id": "",
            "tags": null,
            "tenant_id": "42f8439edf3241648bafa5e2b4630e14",
            "timeouts": null,
            "value_specs": null
          },
          "sensitive_attributes": [],
          "private": "eyJlMmJmYjczMC1lY2FhLTExZTYtOGY4OC0zNDM2M2JjN2M0YzAiOnsiY3JlYXRlIjo2MDAwMDAwMDAwMDAsImRlbGV0ZSI6NjAwMDAwMDAwMDAwfX0=",
          "dependencies": [
            "module.networking.openstack_networking_network_v2.network"
          ]
        }
      ]
    },
    {
      "module": "module.secgroup",
      "mode": "managed",
      "type": "openstack_networking_secgroup_v2",
      "name": "secgroup",
      "provider": "provider[\"registry.terraform.io/terraform-provider-openstack/openstack\"]",
      "instances": [
        {
          "schema_version": 0,
          "attributes": {
            "all_tags": [],
            "delete_default_rules": null,
            "description": "Default security group for project",
            "id": "ad2bf77b-f098-485b-9980-b8e80075fd59",
            "name": "proyecto11-secgroup",
            "region": "RegionOne",
            "tags": null,
            "tenant_id": "42f8439edf3241648bafa5e2b4630e14",
            "timeouts": null
          },
          "sensitive_attributes": [],
          "private": "eyJlMmJmYjczMC1lY2FhLTExZTYtOGY4OC0zNDM2M2JjN2M0YzAiOnsiZGVsZXRlIjo2MDAwMDAwMDAwMDB9fQ=="
        }
      ]
    },
    {
      "module": "module.server0",
      "mode": "managed",
      "type": "openstack_compute_instance_v2",
      "name": "instance",
      "provider": "provider[\"registry.terraform.io/terraform-provider-openstack/openstack\"]",
      "instances": [
        {
          "schema_version": 0,
          "attributes": {
            "access_ip_v4": "10.0.0.12",
            "access_ip_v6": "",
            "admin_pass": null,
            "all_metadata": {},
            "all_tags": [],
            "availability_zone": "nova",
            "availability_zone_hints": null,
            "block_device": [],
            "config_drive": null,
            "flavor_id": "10522180-0fa9-4d83-be8b-250330bd4c0a",
            "flavor_name": "labs",
            "floating_ip": null,
            "force_delete": false,
            "id": "8c133f66-8b97-4620-a940-62c60a85fa45",
            "image_id": "8c36a029-c5eb-422a-8b18-92b3052f550e",
            "image_name": "ubuntu-focal",
            "key_pair": "proyecto11-claves",
            "metadata": null,
            "name": "proyecto11_node0",
            "network": [
              {
                "access_network": false,
                "fixed_ip_v4": "10.0.0.12",
                "fixed_ip_v6": "",
                "floating_ip": "",
                "mac": "fa:16:3e:78:50:90",
                "name": "proyecto11-network",
                "port": "",
                "uuid": "8ced0db5-8152-4242-916d-869f936c6c4c"
              }
            ],
            "network_mode": null,
            "personality": [],
            "power_state": "active",
            "region": "RegionOne",
            "scheduler_hints": [],
            "security_groups": [
              "ad2bf77b-f098-485b-9980-b8e80075fd59"
            ],
            "stop_before_destroy": false,
            "tags": null,
            "timeouts": null,
            "user_data": "f80869ff6f2b09d491615f666666abe3722f5456",
            "vendor_options": [],
            "volume": []
          },
          "sensitive_attributes": [],
          "private": "eyJlMmJmYjczMC1lY2FhLTExZTYtOGY4OC0zNDM2M2JjN2M0YzAiOnsiY3JlYXRlIjoxODAwMDAwMDAwMDAwLCJkZWxldGUiOjE4MDAwMDAwMDAwMDAsInVwZGF0ZSI6MTgwMDAwMDAwMDAwMH19",
          "dependencies": [
            "module.networking.openstack_networking_network_v2.network",
            "module.secgroup.openstack_networking_secgroup_v2.secgroup"
          ]
        }
      ]
    },
    {
      "module": "module.server1",
      "mode": "managed",
      "type": "openstack_compute_instance_v2",
      "name": "instance",
      "provider": "provider[\"registry.terraform.io/terraform-provider-openstack/openstack\"]",
      "instances": [
        {
          "schema_version": 0,
          "attributes": {
            "access_ip_v4": "10.0.0.9",
            "access_ip_v6": "",
            "admin_pass": null,
            "all_metadata": {},
            "all_tags": [],
            "availability_zone": "nova",
            "availability_zone_hints": null,
            "block_device": [],
            "config_drive": null,
            "flavor_id": "10522180-0fa9-4d83-be8b-250330bd4c0a",
            "flavor_name": "labs",
            "floating_ip": null,
            "force_delete": false,
            "id": "f7c47062-fc72-42ba-9cd0-e9662567c00f",
            "image_id": "8c36a029-c5eb-422a-8b18-92b3052f550e",
            "image_name": "ubuntu-focal",
            "key_pair": "proyecto11-claves",
            "metadata": null,
            "name": "proyecto11_node1",
            "network": [
              {
                "access_network": false,
                "fixed_ip_v4": "10.0.0.9",
                "fixed_ip_v6": "",
                "floating_ip": "",
                "mac": "fa:16:3e:8c:a5:67",
                "name": "proyecto11-network",
                "port": "",
                "uuid": "8ced0db5-8152-4242-916d-869f936c6c4c"
              }
            ],
            "network_mode": null,
            "personality": [],
            "power_state": "active",
            "region": "RegionOne",
            "scheduler_hints": [],
            "security_groups": [
              "ad2bf77b-f098-485b-9980-b8e80075fd59"
            ],
            "stop_before_destroy": false,
            "tags": null,
            "timeouts": null,
            "user_data": "25df5f94f3492c7957dd27d6c08c40d3430ac738",
            "vendor_options": [],
            "volume": []
          },
          "sensitive_attributes": [],
          "private": "eyJlMmJmYjczMC1lY2FhLTExZTYtOGY4OC0zNDM2M2JjN2M0YzAiOnsiY3JlYXRlIjoxODAwMDAwMDAwMDAwLCJkZWxldGUiOjE4MDAwMDAwMDAwMDAsInVwZGF0ZSI6MTgwMDAwMDAwMDAwMH19",
          "dependencies": [
            "module.networking.openstack_networking_network_v2.network",
            "module.secgroup.openstack_networking_secgroup_v2.secgroup"
          ]
        }
      ]
    },
    {
      "module": "module.server2",
      "mode": "managed",
      "type": "openstack_compute_instance_v2",
      "name": "instance",
      "provider": "provider[\"registry.terraform.io/terraform-provider-openstack/openstack\"]",
      "instances": [
        {
          "schema_version": 0,
          "attributes": {
            "access_ip_v4": "10.0.0.7",
            "access_ip_v6": "",
            "admin_pass": null,
            "all_metadata": {},
            "all_tags": [],
            "availability_zone": "nova",
            "availability_zone_hints": null,
            "block_device": [],
            "config_drive": null,
            "flavor_id": "10522180-0fa9-4d83-be8b-250330bd4c0a",
            "flavor_name": "labs",
            "floating_ip": null,
            "force_delete": false,
            "id": "bbf3ca94-a702-4a11-8fcf-37271367cfcd",
            "image_id": "8c36a029-c5eb-422a-8b18-92b3052f550e",
            "image_name": "ubuntu-focal",
            "key_pair": "proyecto11-claves",
            "metadata": null,
            "name": "proyecto11_node2",
            "network": [
              {
                "access_network": false,
                "fixed_ip_v4": "10.0.0.7",
                "fixed_ip_v6": "",
                "floating_ip": "",
                "mac": "fa:16:3e:31:73:a9",
                "name": "proyecto11-network",
                "port": "",
                "uuid": "8ced0db5-8152-4242-916d-869f936c6c4c"
              }
            ],
            "network_mode": null,
            "personality": [],
            "power_state": "active",
            "region": "RegionOne",
            "scheduler_hints": [],
            "security_groups": [
              "ad2bf77b-f098-485b-9980-b8e80075fd59"
            ],
            "stop_before_destroy": false,
            "tags": null,
            "timeouts": null,
            "user_data": "790beb9f72f23fb6270cf0106da46b487cf08df9",
            "vendor_options": [],
            "volume": []
          },
          "sensitive_attributes": [],
          "private": "eyJlMmJmYjczMC1lY2FhLTExZTYtOGY4OC0zNDM2M2JjN2M0YzAiOnsiY3JlYXRlIjoxODAwMDAwMDAwMDAwLCJkZWxldGUiOjE4MDAwMDAwMDAwMDAsInVwZGF0ZSI6MTgwMDAwMDAwMDAwMH19",
          "dependencies": [
            "module.networking.openstack_networking_network_v2.network",
            "module.secgroup.openstack_networking_secgroup_v2.secgroup"
          ]
        }
      ]
    }
  ],
  "check_results": []
}
